// !$*UTF8*$!
{
	archiveVersion = 1;
	classes = {
	};
	objectVersion = 50;
	objects = {

/* Begin PBXBuildFile section */
		6DAAF97F23E1EC9F0072D03C /* AppDelegate.m in Sources */ = {isa = PBXBuildFile; fileRef = 6DAAF97E23E1EC9F0072D03C /* AppDelegate.m */; };
		6DAAF98223E1EC9F0072D03C /* SceneDelegate.m in Sources */ = {isa = PBXBuildFile; fileRef = 6DAAF98123E1EC9F0072D03C /* SceneDelegate.m */; };
		6DAAF98823E1EC9F0072D03C /* Main.storyboard in Resources */ = {isa = PBXBuildFile; fileRef = 6DAAF98623E1EC9F0072D03C /* Main.storyboard */; };
		6DAAF98A23E1ECA20072D03C /* Assets.xcassets in Resources */ = {isa = PBXBuildFile; fileRef = 6DAAF98923E1ECA20072D03C /* Assets.xcassets */; };
		6DAAF98D23E1ECA20072D03C /* LaunchScreen.storyboard in Resources */ = {isa = PBXBuildFile; fileRef = 6DAAF98B23E1ECA20072D03C /* LaunchScreen.storyboard */; };
		6DAAF99023E1ECA20072D03C /* main.m in Sources */ = {isa = PBXBuildFile; fileRef = 6DAAF98F23E1ECA20072D03C /* main.m */; };
		6DAAF99E23E1F3BB0072D03C /* JDCPost.m in Sources */ = {isa = PBXBuildFile; fileRef = 6DAAF99D23E1F3BB0072D03C /* JDCPost.m */; };
		6DAAF9A123E1F8850072D03C /* JDCPostController.m in Sources */ = {isa = PBXBuildFile; fileRef = 6DAAF9A023E1F8850072D03C /* JDCPostController.m */; };
		6DAAF9A523E20CB80072D03C /* JDCPostTableViewCell.swift in Sources */ = {isa = PBXBuildFile; fileRef = 6DAAF9A423E20CB80072D03C /* JDCPostTableViewCell.swift */; };
		6DAAF9A723E20DF00072D03C /* JDCPostListTableViewController.swift in Sources */ = {isa = PBXBuildFile; fileRef = 6DAAF9A623E20DF00072D03C /* JDCPostListTableViewController.swift */; };
/* End PBXBuildFile section */

/* Begin PBXFileReference section */
		6DAAF97A23E1EC9F0072D03C /* Reddit-C31.app */ = {isa = PBXFileReference; explicitFileType = wrapper.application; includeInIndex = 0; path = "Reddit-C31.app"; sourceTree = BUILT_PRODUCTS_DIR; };
		6DAAF97D23E1EC9F0072D03C /* AppDelegate.h */ = {isa = PBXFileReference; lastKnownFileType = sourcecode.c.h; path = AppDelegate.h; sourceTree = "<group>"; };
		6DAAF97E23E1EC9F0072D03C /* AppDelegate.m */ = {isa = PBXFileReference; lastKnownFileType = sourcecode.c.objc; path = AppDelegate.m; sourceTree = "<group>"; };
		6DAAF98023E1EC9F0072D03C /* SceneDelegate.h */ = {isa = PBXFileReference; lastKnownFileType = sourcecode.c.h; path = SceneDelegate.h; sourceTree = "<group>"; };
		6DAAF98123E1EC9F0072D03C /* SceneDelegate.m */ = {isa = PBXFileReference; lastKnownFileType = sourcecode.c.objc; path = SceneDelegate.m; sourceTree = "<group>"; };
		6DAAF98723E1EC9F0072D03C /* Base */ = {isa = PBXFileReference; lastKnownFileType = file.storyboard; name = Base; path = Base.lproj/Main.storyboard; sourceTree = "<group>"; };
		6DAAF98923E1ECA20072D03C /* Assets.xcassets */ = {isa = PBXFileReference; lastKnownFileType = folder.assetcatalog; path = Assets.xcassets; sourceTree = "<group>"; };
		6DAAF98C23E1ECA20072D03C /* Base */ = {isa = PBXFileReference; lastKnownFileType = file.storyboard; name = Base; path = Base.lproj/LaunchScreen.storyboard; sourceTree = "<group>"; };
		6DAAF98E23E1ECA20072D03C /* Info.plist */ = {isa = PBXFileReference; lastKnownFileType = text.plist.xml; path = Info.plist; sourceTree = "<group>"; };
		6DAAF98F23E1ECA20072D03C /* main.m */ = {isa = PBXFileReference; lastKnownFileType = sourcecode.c.objc; path = main.m; sourceTree = "<group>"; };
		6DAAF99C23E1F3BB0072D03C /* JDCPost.h */ = {isa = PBXFileReference; lastKnownFileType = sourcecode.c.h; path = JDCPost.h; sourceTree = "<group>"; };
		6DAAF99D23E1F3BB0072D03C /* JDCPost.m */ = {isa = PBXFileReference; lastKnownFileType = sourcecode.c.objc; path = JDCPost.m; sourceTree = "<group>"; };
		6DAAF99F23E1F8850072D03C /* JDCPostController.h */ = {isa = PBXFileReference; lastKnownFileType = sourcecode.c.h; path = JDCPostController.h; sourceTree = "<group>"; };
		6DAAF9A023E1F8850072D03C /* JDCPostController.m */ = {isa = PBXFileReference; lastKnownFileType = sourcecode.c.objc; path = JDCPostController.m; sourceTree = "<group>"; };
		6DAAF9A323E20CB80072D03C /* Reddit-C31-Bridging-Header.h */ = {isa = PBXFileReference; lastKnownFileType = sourcecode.c.h; path = "Reddit-C31-Bridging-Header.h"; sourceTree = "<group>"; };
		6DAAF9A423E20CB80072D03C /* JDCPostTableViewCell.swift */ = {isa = PBXFileReference; lastKnownFileType = sourcecode.swift; path = JDCPostTableViewCell.swift; sourceTree = "<group>"; };
		6DAAF9A623E20DF00072D03C /* JDCPostListTableViewController.swift */ = {isa = PBXFileReference; lastKnownFileType = sourcecode.swift; path = JDCPostListTableViewController.swift; sourceTree = "<group>"; };
/* End PBXFileReference section */

/* Begin PBXFrameworksBuildPhase section */
		6DAAF97723E1EC9F0072D03C /* Frameworks */ = {
			isa = PBXFrameworksBuildPhase;
			buildActionMask = 2147483647;
			files = (
			);
			runOnlyForDeploymentPostprocessing = 0;
		};
/* End PBXFrameworksBuildPhase section */

/* Begin PBXGroup section */
		6DAAF97123E1EC9F0072D03C = {
			isa = PBXGroup;
			children = (
				6DAAF97C23E1EC9F0072D03C /* Reddit-C31 */,
				6DAAF97B23E1EC9F0072D03C /* Products */,
			);
			sourceTree = "<group>";
		};
		6DAAF97B23E1EC9F0072D03C /* Products */ = {
			isa = PBXGroup;
			children = (
				6DAAF97A23E1EC9F0072D03C /* Reddit-C31.app */,
			);
			name = Products;
			sourceTree = "<group>";
		};
		6DAAF97C23E1EC9F0072D03C /* Reddit-C31 */ = {
			isa = PBXGroup;
			children = (
				6DAAF98623E1EC9F0072D03C /* Main.storyboard */,
				6DAAF99723E1ECFA0072D03C /* Models */,
				6DAAF99823E1ED020072D03C /* Views */,
				6DAAF99923E1ED0A0072D03C /* Controllers */,
				6DAAF99623E1ECEA0072D03C /* Resources */,
			);
			path = "Reddit-C31";
			sourceTree = "<group>";
		};
		6DAAF99623E1ECEA0072D03C /* Resources */ = {
			isa = PBXGroup;
			children = (
				6DAAF97D23E1EC9F0072D03C /* AppDelegate.h */,
				6DAAF97E23E1EC9F0072D03C /* AppDelegate.m */,
				6DAAF98023E1EC9F0072D03C /* SceneDelegate.h */,
				6DAAF98123E1EC9F0072D03C /* SceneDelegate.m */,
				6DAAF98923E1ECA20072D03C /* Assets.xcassets */,
				6DAAF98B23E1ECA20072D03C /* LaunchScreen.storyboard */,
				6DAAF98E23E1ECA20072D03C /* Info.plist */,
				6DAAF98F23E1ECA20072D03C /* main.m */,
			);
			path = Resources;
			sourceTree = "<group>";
		};
		6DAAF99723E1ECFA0072D03C /* Models */ = {
			isa = PBXGroup;
			children = (
				6DAAF99C23E1F3BB0072D03C /* JDCPost.h */,
				6DAAF99D23E1F3BB0072D03C /* JDCPost.m */,
			);
			path = Models;
			sourceTree = "<group>";
		};
		6DAAF99823E1ED020072D03C /* Views */ = {
			isa = PBXGroup;
			children = (
				6DAAF9A223E20A7E0072D03C /* CustomCells */,
			);
			path = Views;
			sourceTree = "<group>";
		};
		6DAAF99923E1ED0A0072D03C /* Controllers */ = {
			isa = PBXGroup;
			children = (
				6DAAF99B23E1ED120072D03C /* ModelControllers */,
				6DAAF99A23E1ED0C0072D03C /* ViewControllers */,
			);
			path = Controllers;
			sourceTree = "<group>";
		};
		6DAAF99A23E1ED0C0072D03C /* ViewControllers */ = {
			isa = PBXGroup;
			children = (
				6DAAF9A623E20DF00072D03C /* JDCPostListTableViewController.swift */,
			);
			path = ViewControllers;
			sourceTree = "<group>";
		};
		6DAAF99B23E1ED120072D03C /* ModelControllers */ = {
			isa = PBXGroup;
			children = (
				6DAAF99F23E1F8850072D03C /* JDCPostController.h */,
				6DAAF9A023E1F8850072D03C /* JDCPostController.m */,
			);
			path = ModelControllers;
			sourceTree = "<group>";
		};
		6DAAF9A223E20A7E0072D03C /* CustomCells */ = {
			isa = PBXGroup;
			children = (
				6DAAF9A423E20CB80072D03C /* JDCPostTableViewCell.swift */,
				6DAAF9A323E20CB80072D03C /* Reddit-C31-Bridging-Header.h */,
			);
			path = CustomCells;
			sourceTree = "<group>";
		};
/* End PBXGroup section */

/* Begin PBXNativeTarget section */
		6DAAF97923E1EC9F0072D03C /* Reddit-C31 */ = {
			isa = PBXNativeTarget;
			buildConfigurationList = 6DAAF99323E1ECA20072D03C /* Build configuration list for PBXNativeTarget "Reddit-C31" */;
			buildPhases = (
				6DAAF97623E1EC9F0072D03C /* Sources */,
				6DAAF97723E1EC9F0072D03C /* Frameworks */,
				6DAAF97823E1EC9F0072D03C /* Resources */,
			);
			buildRules = (
			);
			dependencies = (
			);
			name = "Reddit-C31";
			productName = "Reddit-C31";
			productReference = 6DAAF97A23E1EC9F0072D03C /* Reddit-C31.app */;
			productType = "com.apple.product-type.application";
		};
/* End PBXNativeTarget section */

/* Begin PBXProject section */
		6DAAF97223E1EC9F0072D03C /* Project object */ = {
			isa = PBXProject;
			attributes = {
				CLASSPREFIX = JDC;
				LastUpgradeCheck = 1130;
				ORGANIZATIONNAME = "Jon Corn";
				TargetAttributes = {
					6DAAF97923E1EC9F0072D03C = {
						CreatedOnToolsVersion = 11.3.1;
						LastSwiftMigration = 1130;
					};
				};
			};
			buildConfigurationList = 6DAAF97523E1EC9F0072D03C /* Build configuration list for PBXProject "Reddit-C31" */;
			compatibilityVersion = "Xcode 9.3";
			developmentRegion = en;
			hasScannedForEncodings = 0;
			knownRegions = (
				en,
				Base,
			);
			mainGroup = 6DAAF97123E1EC9F0072D03C;
			productRefGroup = 6DAAF97B23E1EC9F0072D03C /* Products */;
			projectDirPath = "";
			projectRoot = "";
			targets = (
				6DAAF97923E1EC9F0072D03C /* Reddit-C31 */,
			);
		};
/* End PBXProject section */

/* Begin PBXResourcesBuildPhase section */
		6DAAF97823E1EC9F0072D03C /* Resources */ = {
			isa = PBXResourcesBuildPhase;
			buildActionMask = 2147483647;
			files = (
				6DAAF98D23E1ECA20072D03C /* LaunchScreen.storyboard in Resources */,
				6DAAF98A23E1ECA20072D03C /* Assets.xcassets in Resources */,
				6DAAF98823E1EC9F0072D03C /* Main.storyboard in Resources */,
			);
			runOnlyForDeploymentPostprocessing = 0;
		};
/* End PBXResourcesBuildPhase section */

/* Begin PBXSourcesBuildPhase section */
		6DAAF97623E1EC9F0072D03C /* Sources */ = {
			isa = PBXSourcesBuildPhase;
			buildActionMask = 2147483647;
			files = (
				6DAAF97F23E1EC9F0072D03C /* AppDelegate.m in Sources */,
				6DAAF99023E1ECA20072D03C /* main.m in Sources */,
				6DAAF98223E1EC9F0072D03C /* SceneDelegate.m in Sources */,
				6DAAF9A523E20CB80072D03C /* JDCPostTableViewCell.swift in Sources */,
				6DAAF9A123E1F8850072D03C /* JDCPostController.m in Sources */,
				6DAAF99E23E1F3BB0072D03C /* JDCPost.m in Sources */,
				6DAAF9A723E20DF00072D03C /* JDCPostListTableViewController.swift in Sources */,
			);
			runOnlyForDeploymentPostprocessing = 0;
		};
/* End PBXSourcesBuildPhase section */

/* Begin PBXVariantGroup section */
		6DAAF98623E1EC9F0072D03C /* Main.storyboard */ = {
			isa = PBXVariantGroup;
			children = (
				6DAAF98723E1EC9F0072D03C /* Base */,
			);
			name = Main.storyboard;
			sourceTree = "<group>";
		};
		6DAAF98B23E1ECA20072D03C /* LaunchScreen.storyboard */ = {
			isa = PBXVariantGroup;
			children = (
				6DAAF98C23E1ECA20072D03C /* Base */,
			);
			name = LaunchScreen.storyboard;
			sourceTree = "<group>";
		};
/* End PBXVariantGroup section */

/* Begin XCBuildConfiguration section */
		6DAAF99123E1ECA20072D03C /* Debug */ = {
			isa = XCBuildConfiguration;
			buildSettings = {
				ALWAYS_SEARCH_USER_PATHS = NO;
				CLANG_ANALYZER_NONNULL = YES;
				CLANG_ANALYZER_NUMBER_OBJECT_CONVERSION = YES_AGGRESSIVE;
				CLANG_CXX_LANGUAGE_STANDARD = "gnu++14";
				CLANG_CXX_LIBRARY = "libc++";
				CLANG_ENABLE_MODULES = YES;
				CLANG_ENABLE_OBJC_ARC = YES;
				CLANG_ENABLE_OBJC_WEAK = YES;
				CLANG_WARN_BLOCK_CAPTURE_AUTORELEASING = YES;
				CLANG_WARN_BOOL_CONVERSION = YES;
				CLANG_WARN_COMMA = YES;
				CLANG_WARN_CONSTANT_CONVERSION = YES;
				CLANG_WARN_DEPRECATED_OBJC_IMPLEMENTATIONS = YES;
				CLANG_WARN_DIRECT_OBJC_ISA_USAGE = YES_ERROR;
				CLANG_WARN_DOCUMENTATION_COMMENTS = YES;
				CLANG_WARN_EMPTY_BODY = YES;
				CLANG_WARN_ENUM_CONVERSION = YES;
				CLANG_WARN_INFINITE_RECURSION = YES;
				CLANG_WARN_INT_CONVERSION = YES;
				CLANG_WARN_NON_LITERAL_NULL_CONVERSION = YES;
				CLANG_WARN_OBJC_IMPLICIT_RETAIN_SELF = YES;
				CLANG_WARN_OBJC_LITERAL_CONVERSION = YES;
				CLANG_WARN_OBJC_ROOT_CLASS = YES_ERROR;
				CLANG_WARN_RANGE_LOOP_ANALYSIS = YES;
				CLANG_WARN_STRICT_PROTOTYPES = YES;
				CLANG_WARN_SUSPICIOUS_MOVE = YES;
				CLANG_WARN_UNGUARDED_AVAILABILITY = YES_AGGRESSIVE;
				CLANG_WARN_UNREACHABLE_CODE = YES;
				CLANG_WARN__DUPLICATE_METHOD_MATCH = YES;
				COPY_PHASE_STRIP = NO;
				DEBUG_INFORMATION_FORMAT = dwarf;
				ENABLE_STRICT_OBJC_MSGSEND = YES;
				ENABLE_TESTABILITY = YES;
				GCC_C_LANGUAGE_STANDARD = gnu11;
				GCC_DYNAMIC_NO_PIC = NO;
				GCC_NO_COMMON_BLOCKS = YES;
				GCC_OPTIMIZATION_LEVEL = 0;
				GCC_PREPROCESSOR_DEFINITIONS = (
					"DEBUG=1",
					"$(inherited)",
				);
				GCC_WARN_64_TO_32_BIT_CONVERSION = YES;
				GCC_WARN_ABOUT_RETURN_TYPE = YES_ERROR;
				GCC_WARN_UNDECLARED_SELECTOR = YES;
				GCC_WARN_UNINITIALIZED_AUTOS = YES_AGGRESSIVE;
				GCC_WARN_UNUSED_FUNCTION = YES;
				GCC_WARN_UNUSED_VARIABLE = YES;
				IPHONEOS_DEPLOYMENT_TARGET = 13.2;
				MTL_ENABLE_DEBUG_INFO = INCLUDE_SOURCE;
				MTL_FAST_MATH = YES;
				ONLY_ACTIVE_ARCH = YES;
				SDKROOT = iphoneos;
			};
			name = Debug;
		};
		6DAAF99223E1ECA20072D03C /* Release */ = {
			isa = XCBuildConfiguration;
			buildSettings = {
				ALWAYS_SEARCH_USER_PATHS = NO;
				CLANG_ANALYZER_NONNULL = YES;
				CLANG_ANALYZER_NUMBER_OBJECT_CONVERSION = YES_AGGRESSIVE;
				CLANG_CXX_LANGUAGE_STANDARD = "gnu++14";
				CLANG_CXX_LIBRARY = "libc++";
				CLANG_ENABLE_MODULES = YES;
				CLANG_ENABLE_OBJC_ARC = YES;
				CLANG_ENABLE_OBJC_WEAK = YES;
				CLANG_WARN_BLOCK_CAPTURE_AUTORELEASING = YES;
				CLANG_WARN_BOOL_CONVERSION = YES;
				CLANG_WARN_COMMA = YES;
				CLANG_WARN_CONSTANT_CONVERSION = YES;
				CLANG_WARN_DEPRECATED_OBJC_IMPLEMENTATIONS = YES;
				CLANG_WARN_DIRECT_OBJC_ISA_USAGE = YES_ERROR;
				CLANG_WARN_DOCUMENTATION_COMMENTS = YES;
				CLANG_WARN_EMPTY_BODY = YES;
				CLANG_WARN_ENUM_CONVERSION = YES;
				CLANG_WARN_INFINITE_RECURSION = YES;
				CLANG_WARN_INT_CONVERSION = YES;
				CLANG_WARN_NON_LITERAL_NULL_CONVERSION = YES;
				CLANG_WARN_OBJC_IMPLICIT_RETAIN_SELF = YES;
				CLANG_WARN_OBJC_LITERAL_CONVERSION = YES;
				CLANG_WARN_OBJC_ROOT_CLASS = YES_ERROR;
				CLANG_WARN_RANGE_LOOP_ANALYSIS = YES;
				CLANG_WARN_STRICT_PROTOTYPES = YES;
				CLANG_WARN_SUSPICIOUS_MOVE = YES;
				CLANG_WARN_UNGUARDED_AVAILABILITY = YES_AGGRESSIVE;
				CLANG_WARN_UNREACHABLE_CODE = YES;
				CLANG_WARN__DUPLICATE_METHOD_MATCH = YES;
				COPY_PHASE_STRIP = NO;
				DEBUG_INFORMATION_FORMAT = "dwarf-with-dsym";
				ENABLE_NS_ASSERTIONS = NO;
				ENABLE_STRICT_OBJC_MSGSEND = YES;
				GCC_C_LANGUAGE_STANDARD = gnu11;
				GCC_NO_COMMON_BLOCKS = YES;
				GCC_WARN_64_TO_32_BIT_CONVERSION = YES;
				GCC_WARN_ABOUT_RETURN_TYPE = YES_ERROR;
				GCC_WARN_UNDECLARED_SELECTOR = YES;
				GCC_WARN_UNINITIALIZED_AUTOS = YES_AGGRESSIVE;
				GCC_WARN_UNUSED_FUNCTION = YES;
				GCC_WARN_UNUSED_VARIABLE = YES;
				IPHONEOS_DEPLOYMENT_TARGET = 13.2;
				MTL_ENABLE_DEBUG_INFO = NO;
				MTL_FAST_MATH = YES;
				SDKROOT = iphoneos;
				VALIDATE_PRODUCT = YES;
			};
			name = Release;
		};
		6DAAF99423E1ECA20072D03C /* Debug */ = {
			isa = XCBuildConfiguration;
			buildSettings = {
				ASSETCATALOG_COMPILER_APPICON_NAME = AppIcon;
				CLANG_ENABLE_MODULES = YES;
				CODE_SIGN_STYLE = Automatic;
				INFOPLIST_FILE = "Reddit-C31/Resources/Info.plist";
				LD_RUNPATH_SEARCH_PATHS = (
					"$(inherited)",
					"@executable_path/Frameworks",
				);
				PRODUCT_BUNDLE_IDENTIFIER = "com.jdcorn.Reddit-C31";
				PRODUCT_NAME = "$(TARGET_NAME)";
				SWIFT_OBJC_BRIDGING_HEADER = "Reddit-C31/Views/CustomCells/Reddit-C31-Bridging-Header.h";
				SWIFT_OPTIMIZATION_LEVEL = "-Onone";
				SWIFT_VERSION = 5.0;
				TARGETED_DEVICE_FAMILY = "1,2";
			};
			name = Debug;
		};
		6DAAF99523E1ECA20072D03C /* Release */ = {
			isa = XCBuildConfiguration;
			buildSettings = {
				ASSETCATALOG_COMPILER_APPICON_NAME = AppIcon;
				CLANG_ENABLE_MODULES = YES;
				CODE_SIGN_STYLE = Automatic;
				INFOPLIST_FILE = "Reddit-C31/Resources/Info.plist";
				LD_RUNPATH_SEARCH_PATHS = (
					"$(inherited)",
					"@executable_path/Frameworks",
				);
				PRODUCT_BUNDLE_IDENTIFIER = "com.jdcorn.Reddit-C31";
				PRODUCT_NAME = "$(TARGET_NAME)";
				SWIFT_OBJC_BRIDGING_HEADER = "Reddit-C31/Views/CustomCells/Reddit-C31-Bridging-Header.h";
				SWIFT_VERSION = 5.0;
				TARGETED_DEVICE_FAMILY = "1,2";
			};
			name = Release;
		};
/* End XCBuildConfiguration section */

/* Begin XCConfigurationList section */
		6DAAF97523E1EC9F0072D03C /* Build configuration list for PBXProject "Reddit-C31" */ = {
			isa = XCConfigurationList;
			buildConfigurations = (
				6DAAF99123E1ECA20072D03C /* Debug */,
				6DAAF99223E1ECA20072D03C /* Release */,
			);
			defaultConfigurationIsVisible = 0;
			defaultConfigurationName = Release;
		};
		6DAAF99323E1ECA20072D03C /* Build configuration list for PBXNativeTarget "Reddit-C31" */ = {
			isa = XCConfigurationList;
			buildConfigurations = (
				6DAAF99423E1ECA20072D03C /* Debug */,
				6DAAF99523E1ECA20072D03C /* Release */,
			);
			defaultConfigurationIsVisible = 0;
			defaultConfigurationName = Release;
		};
/* End XCConfigurationList section */
	};
	rootObject = 6DAAF97223E1EC9F0072D03C /* Project object */;
}
